
Microsoft Visual Studio Solution File, Format Version 12.00
# Visual Studio 15
VisualStudioVersion = 15.0.26730.3
MinimumVisualStudioVersion = 10.0.40219.1
Project("{FAE04EC0-301F-11D3-BF4B-00C04F79EFBC}") = "Lab01", "Lab01\Lab01.csproj", "{0C055C0B-335D-411B-883C-586D5A949EDC}"
EndProject
Global
	GlobalSection(SolutionConfigurationPlatforms) = preSolution
		Debug|Any CPU = Debug|Any CPU
		Release|Any CPU = Release|Any CPU
	EndGlobalSection
	GlobalSection(ProjectConfigurationPlatforms) = postSolution
		{0C055C0B-335D-411B-883C-586D5A949EDC}.Debug|Any CPU.ActiveCfg = Debug|Any CPU
		{0C055C0B-335D-411B-883C-586D5A949EDC}.Debug|Any CPU.Build.0 = Debug|Any CPU
		{0C055C0B-335D-411B-883C-586D5A949EDC}.Release|Any CPU.ActiveCfg = Release|Any CPU
		{0C055C0B-335D-411B-883C-586D5A949EDC}.Release|Any CPU.Build.0 = Release|Any CPU
	EndGlobalSection
	GlobalSection(SolutionProperties) = preSolution
		HideSolutionNode = FALSE
	EndGlobalSection
	GlobalSection(ExtensibilityGlobals) = postSolution
		SolutionGuid = {1A0F32C3-3B50-430B-8A3E-4FF3D1419722}
	EndGlobalSection
EndGlobal
